// !$*UTF8*$!
{
	archiveVersion = 1;
	classes = {
	};
	objectVersion = 48;
	objects = {

/* Begin PBXBuildFile section */
		562308091F4FEE6600EDEB58 /* AppDelegate.swift in Sources */ = {isa = PBXBuildFile; fileRef = 562308081F4FEE6600EDEB58 /* AppDelegate.swift */; };
		5623080E1F4FEE6600EDEB58 /* Main.storyboard in Resources */ = {isa = PBXBuildFile; fileRef = 5623080C1F4FEE6600EDEB58 /* Main.storyboard */; };
		562308101F4FEE6600EDEB58 /* Assets.xcassets in Resources */ = {isa = PBXBuildFile; fileRef = 5623080F1F4FEE6600EDEB58 /* Assets.xcassets */; };
		562308131F4FEE6600EDEB58 /* LaunchScreen.storyboard in Resources */ = {isa = PBXBuildFile; fileRef = 562308111F4FEE6600EDEB58 /* LaunchScreen.storyboard */; };
		5623081B1F4FF02700EDEB58 /* ShopController.swift in Sources */ = {isa = PBXBuildFile; fileRef = 5623081A1F4FF02700EDEB58 /* ShopController.swift */; };
		5623081D1F4FF04300EDEB58 /* ShopResult.swift in Sources */ = {isa = PBXBuildFile; fileRef = 5623081C1F4FF04300EDEB58 /* ShopResult.swift */; };
		5623081F1F4FF06100EDEB58 /* ShopTableViewController.swift in Sources */ = {isa = PBXBuildFile; fileRef = 5623081E1F4FF06100EDEB58 /* ShopTableViewController.swift */; };
		5687CE581F5C5183004E04E5 /* PlacesTableViewController.swift in Sources */ = {isa = PBXBuildFile; fileRef = 5687CE571F5C5183004E04E5 /* PlacesTableViewController.swift */; };
		5687CE5B1F5D00AB004E04E5 /* MapViewControllerDelegate.swift in Sources */ = {isa = PBXBuildFile; fileRef = 5687CE5A1F5D00AB004E04E5 /* MapViewControllerDelegate.swift */; };
		5687CE5F1F5D195B004E04E5 /* ShopDelagate.swift in Sources */ = {isa = PBXBuildFile; fileRef = 5687CE5E1F5D195B004E04E5 /* ShopDelagate.swift */; };
		56EC361C1F5C0A96002300B1 /* MapViewController.swift in Sources */ = {isa = PBXBuildFile; fileRef = 56EC361B1F5C0A96002300B1 /* MapViewController.swift */; };
		6F2798DCDFB3149D23693415 /* Pods_CafeNomad.framework in Frameworks */ = {isa = PBXBuildFile; fileRef = 38B5D937DD5549B55A5DAFB1 /* Pods_CafeNomad.framework */; };
/* End PBXBuildFile section */

/* Begin PBXFileReference section */
		0C03C5698901B4EA25832672 /* Pods-CafeNomad.debug.xcconfig */ = {isa = PBXFileReference; includeInIndex = 1; lastKnownFileType = text.xcconfig; name = "Pods-CafeNomad.debug.xcconfig"; path = "Pods/Target Support Files/Pods-CafeNomad/Pods-CafeNomad.debug.xcconfig"; sourceTree = "<group>"; };
		38B5D937DD5549B55A5DAFB1 /* Pods_CafeNomad.framework */ = {isa = PBXFileReference; explicitFileType = wrapper.framework; includeInIndex = 0; path = Pods_CafeNomad.framework; sourceTree = BUILT_PRODUCTS_DIR; };
		562308051F4FEE6600EDEB58 /* CafeNomad.app */ = {isa = PBXFileReference; explicitFileType = wrapper.application; includeInIndex = 0; path = CafeNomad.app; sourceTree = BUILT_PRODUCTS_DIR; };
		562308081F4FEE6600EDEB58 /* AppDelegate.swift */ = {isa = PBXFileReference; lastKnownFileType = sourcecode.swift; path = AppDelegate.swift; sourceTree = "<group>"; };
		5623080D1F4FEE6600EDEB58 /* Base */ = {isa = PBXFileReference; lastKnownFileType = file.storyboard; name = Base; path = Base.lproj/Main.storyboard; sourceTree = "<group>"; };
		5623080F1F4FEE6600EDEB58 /* Assets.xcassets */ = {isa = PBXFileReference; lastKnownFileType = folder.assetcatalog; path = Assets.xcassets; sourceTree = "<group>"; };
		562308121F4FEE6600EDEB58 /* Base */ = {isa = PBXFileReference; lastKnownFileType = file.storyboard; name = Base; path = Base.lproj/LaunchScreen.storyboard; sourceTree = "<group>"; };
		562308141F4FEE6600EDEB58 /* Info.plist */ = {isa = PBXFileReference; lastKnownFileType = text.plist.xml; path = Info.plist; sourceTree = "<group>"; };
		5623081A1F4FF02700EDEB58 /* ShopController.swift */ = {isa = PBXFileReference; lastKnownFileType = sourcecode.swift; path = ShopController.swift; sourceTree = "<group>"; };
		5623081C1F4FF04300EDEB58 /* ShopResult.swift */ = {isa = PBXFileReference; lastKnownFileType = sourcecode.swift; path = ShopResult.swift; sourceTree = "<group>"; };
		5623081E1F4FF06100EDEB58 /* ShopTableViewController.swift */ = {isa = PBXFileReference; lastKnownFileType = sourcecode.swift; path = ShopTableViewController.swift; sourceTree = "<group>"; };
		5687CE571F5C5183004E04E5 /* PlacesTableViewController.swift */ = {isa = PBXFileReference; lastKnownFileType = sourcecode.swift; path = PlacesTableViewController.swift; sourceTree = "<group>"; };
		5687CE5A1F5D00AB004E04E5 /* MapViewControllerDelegate.swift */ = {isa = PBXFileReference; lastKnownFileType = sourcecode.swift; path = MapViewControllerDelegate.swift; sourceTree = "<group>"; };
		5687CE5E1F5D195B004E04E5 /* ShopDelagate.swift */ = {isa = PBXFileReference; lastKnownFileType = sourcecode.swift; path = ShopDelagate.swift; sourceTree = "<group>"; };
		56EC361B1F5C0A96002300B1 /* MapViewController.swift */ = {isa = PBXFileReference; lastKnownFileType = sourcecode.swift; path = MapViewController.swift; sourceTree = "<group>"; };
		EE8F054837B5B17F7A00B0A3 /* Pods-CafeNomad.release.xcconfig */ = {isa = PBXFileReference; includeInIndex = 1; lastKnownFileType = text.xcconfig; name = "Pods-CafeNomad.release.xcconfig"; path = "Pods/Target Support Files/Pods-CafeNomad/Pods-CafeNomad.release.xcconfig"; sourceTree = "<group>"; };
/* End PBXFileReference section */

/* Begin PBXFrameworksBuildPhase section */
		562308021F4FEE6600EDEB58 /* Frameworks */ = {
			isa = PBXFrameworksBuildPhase;
			buildActionMask = 2147483647;
			files = (
				6F2798DCDFB3149D23693415 /* Pods_CafeNomad.framework in Frameworks */,
			);
			runOnlyForDeploymentPostprocessing = 0;
		};
/* End PBXFrameworksBuildPhase section */

/* Begin PBXGroup section */
		2A27E99897C1B50704EB8837 /* Pods */ = {
			isa = PBXGroup;
			children = (
				0C03C5698901B4EA25832672 /* Pods-CafeNomad.debug.xcconfig */,
				EE8F054837B5B17F7A00B0A3 /* Pods-CafeNomad.release.xcconfig */,
			);
			name = Pods;
			sourceTree = "<group>";
		};
		562307FC1F4FEE6600EDEB58 = {
			isa = PBXGroup;
			children = (
				562308071F4FEE6600EDEB58 /* CafeNomad */,
				562308061F4FEE6600EDEB58 /* Products */,
				2A27E99897C1B50704EB8837 /* Pods */,
				901A1BC087520FD4B2938D0F /* Frameworks */,
			);
			sourceTree = "<group>";
		};
		562308061F4FEE6600EDEB58 /* Products */ = {
			isa = PBXGroup;
			children = (
				562308051F4FEE6600EDEB58 /* CafeNomad.app */,
			);
			name = Products;
			sourceTree = "<group>";
		};
		562308071F4FEE6600EDEB58 /* CafeNomad */ = {
			isa = PBXGroup;
			children = (
				562308081F4FEE6600EDEB58 /* AppDelegate.swift */,
				5623080C1F4FEE6600EDEB58 /* Main.storyboard */,
				5623080F1F4FEE6600EDEB58 /* Assets.xcassets */,
				562308111F4FEE6600EDEB58 /* LaunchScreen.storyboard */,
				5623081C1F4FF04300EDEB58 /* ShopResult.swift */,
				5687CE591F5C5410004E04E5 /* Map */,
				5623081A1F4FF02700EDEB58 /* ShopController.swift */,
				5623081E1F4FF06100EDEB58 /* ShopTableViewController.swift */,
				562308141F4FEE6600EDEB58 /* Info.plist */,
			);
			path = CafeNomad;
			sourceTree = "<group>";
		};
		5687CE591F5C5410004E04E5 /* Map */ = {
			isa = PBXGroup;
			children = (
				5687CE5E1F5D195B004E04E5 /* ShopDelagate.swift */,
				56EC361B1F5C0A96002300B1 /* MapViewController.swift */,
				5687CE571F5C5183004E04E5 /* PlacesTableViewController.swift */,
				5687CE5A1F5D00AB004E04E5 /* MapViewControllerDelegate.swift */,
			);
			path = Map;
			sourceTree = "<group>";
		};
		901A1BC087520FD4B2938D0F /* Frameworks */ = {
			isa = PBXGroup;
			children = (
				38B5D937DD5549B55A5DAFB1 /* Pods_CafeNomad.framework */,
			);
			name = Frameworks;
			sourceTree = "<group>";
		};
/* End PBXGroup section */

/* Begin PBXNativeTarget section */
		562308041F4FEE6600EDEB58 /* CafeNomad */ = {
			isa = PBXNativeTarget;
			buildConfigurationList = 562308171F4FEE6600EDEB58 /* Build configuration list for PBXNativeTarget "CafeNomad" */;
			buildPhases = (
				C1860B85A3D4FC2483C74C08 /* [CP] Check Pods Manifest.lock */,
				562308011F4FEE6600EDEB58 /* Sources */,
				562308021F4FEE6600EDEB58 /* Frameworks */,
				562308031F4FEE6600EDEB58 /* Resources */,
				5A2A887C505230D3E214F19D /* [CP] Embed Pods Frameworks */,
				083FA1B7A035D2E611799EB9 /* [CP] Copy Pods Resources */,
			);
			buildRules = (
			);
			dependencies = (
			);
			name = CafeNomad;
			productName = CafeNomad;
			productReference = 562308051F4FEE6600EDEB58 /* CafeNomad.app */;
			productType = "com.apple.product-type.application";
		};
/* End PBXNativeTarget section */

/* Begin PBXProject section */
		562307FD1F4FEE6600EDEB58 /* Project object */ = {
			isa = PBXProject;
			attributes = {
				LastSwiftUpdateCheck = 0900;
				LastUpgradeCheck = 0900;
				ORGANIZATIONNAME = "Vince Lee";
				TargetAttributes = {
					562308041F4FEE6600EDEB58 = {
						CreatedOnToolsVersion = 9.0;
						ProvisioningStyle = Automatic;
					};
				};
			};
			buildConfigurationList = 562308001F4FEE6600EDEB58 /* Build configuration list for PBXProject "CafeNomad" */;
			compatibilityVersion = "Xcode 8.0";
			developmentRegion = en;
			hasScannedForEncodings = 0;
			knownRegions = (
				en,
				Base,
			);
			mainGroup = 562307FC1F4FEE6600EDEB58;
			productRefGroup = 562308061F4FEE6600EDEB58 /* Products */;
			projectDirPath = "";
			projectRoot = "";
			targets = (
				562308041F4FEE6600EDEB58 /* CafeNomad */,
			);
		};
/* End PBXProject section */

/* Begin PBXResourcesBuildPhase section */
		562308031F4FEE6600EDEB58 /* Resources */ = {
			isa = PBXResourcesBuildPhase;
			buildActionMask = 2147483647;
			files = (
				562308131F4FEE6600EDEB58 /* LaunchScreen.storyboard in Resources */,
				562308101F4FEE6600EDEB58 /* Assets.xcassets in Resources */,
				5623080E1F4FEE6600EDEB58 /* Main.storyboard in Resources */,
			);
			runOnlyForDeploymentPostprocessing = 0;
		};
/* End PBXResourcesBuildPhase section */

/* Begin PBXShellScriptBuildPhase section */
		083FA1B7A035D2E611799EB9 /* [CP] Copy Pods Resources */ = {
			isa = PBXShellScriptBuildPhase;
			buildActionMask = 2147483647;
			files = (
			);
			inputPaths = (
			);
			name = "[CP] Copy Pods Resources";
			outputPaths = (
			);
			runOnlyForDeploymentPostprocessing = 0;
			shellPath = /bin/sh;
			shellScript = "\"${SRCROOT}/Pods/Target Support Files/Pods-CafeNomad/Pods-CafeNomad-resources.sh\"\n";
			showEnvVarsInLog = 0;
		};
		5A2A887C505230D3E214F19D /* [CP] Embed Pods Frameworks */ = {
			isa = PBXShellScriptBuildPhase;
			buildActionMask = 2147483647;
			files = (
			);
			inputPaths = (
			);
			name = "[CP] Embed Pods Frameworks";
			outputPaths = (
			);
			runOnlyForDeploymentPostprocessing = 0;
			shellPath = /bin/sh;
			shellScript = "\"${SRCROOT}/Pods/Target Support Files/Pods-CafeNomad/Pods-CafeNomad-frameworks.sh\"\n";
			showEnvVarsInLog = 0;
		};
		C1860B85A3D4FC2483C74C08 /* [CP] Check Pods Manifest.lock */ = {
			isa = PBXShellScriptBuildPhase;
			buildActionMask = 2147483647;
			files = (
			);
			inputPaths = (
			);
			name = "[CP] Check Pods Manifest.lock";
			outputPaths = (
			);
			runOnlyForDeploymentPostprocessing = 0;
			shellPath = /bin/sh;
			shellScript = "diff \"${PODS_PODFILE_DIR_PATH}/Podfile.lock\" \"${PODS_ROOT}/Manifest.lock\" > /dev/null\nif [ $? != 0 ] ; then\n    # print error to STDERR\n    echo \"error: The sandbox is not in sync with the Podfile.lock. Run 'pod install' or update your CocoaPods installation.\" >&2\n    exit 1\nfi\n";
			showEnvVarsInLog = 0;
		};
/* End PBXShellScriptBuildPhase section */

/* Begin PBXSourcesBuildPhase section */
		562308011F4FEE6600EDEB58 /* Sources */ = {
			isa = PBXSourcesBuildPhase;
			buildActionMask = 2147483647;
			files = (
				5623081D1F4FF04300EDEB58 /* ShopResult.swift in Sources */,
				5687CE5F1F5D195B004E04E5 /* ShopDelagate.swift in Sources */,
				56EC361C1F5C0A96002300B1 /* MapViewController.swift in Sources */,
				5623081F1F4FF06100EDEB58 /* ShopTableViewController.swift in Sources */,
				5623081B1F4FF02700EDEB58 /* ShopController.swift in Sources */,
				562308091F4FEE6600EDEB58 /* AppDelegate.swift in Sources */,
				5687CE581F5C5183004E04E5 /* PlacesTableViewController.swift in Sources */,
				5687CE5B1F5D00AB004E04E5 /* MapViewControllerDelegate.swift in Sources */,
			);
			runOnlyForDeploymentPostprocessing = 0;
		};
/* End PBXSourcesBuildPhase section */

/* Begin PBXVariantGroup section */
		5623080C1F4FEE6600EDEB58 /* Main.storyboard */ = {
			isa = PBXVariantGroup;
			children = (
				5623080D1F4FEE6600EDEB58 /* Base */,
			);
			name = Main.storyboard;
			sourceTree = "<group>";
		};
		562308111F4FEE6600EDEB58 /* LaunchScreen.storyboard */ = {
			isa = PBXVariantGroup;
			children = (
				562308121F4FEE6600EDEB58 /* Base */,
			);
			name = LaunchScreen.storyboard;
			sourceTree = "<group>";
		};
/* End PBXVariantGroup section */

/* Begin XCBuildConfiguration section */
		562308151F4FEE6600EDEB58 /* Debug */ = {
			isa = XCBuildConfiguration;
			buildSettings = {
				ALWAYS_SEARCH_USER_PATHS = NO;
				CLANG_ANALYZER_NONNULL = YES;
				CLANG_ANALYZER_NUMBER_OBJECT_CONVERSION = YES_AGGRESSIVE;
				CLANG_CXX_LANGUAGE_STANDARD = "gnu++14";
				CLANG_CXX_LIBRARY = "libc++";
				CLANG_ENABLE_MODULES = YES;
				CLANG_ENABLE_OBJC_ARC = YES;
				CLANG_WARN_BLOCK_CAPTURE_AUTORELEASING = YES;
				CLANG_WARN_BOOL_CONVERSION = YES;
				CLANG_WARN_COMMA = YES;
				CLANG_WARN_CONSTANT_CONVERSION = YES;
				CLANG_WARN_DIRECT_OBJC_ISA_USAGE = YES_ERROR;
				CLANG_WARN_DOCUMENTATION_COMMENTS = YES;
				CLANG_WARN_EMPTY_BODY = YES;
				CLANG_WARN_ENUM_CONVERSION = YES;
				CLANG_WARN_INFINITE_RECURSION = YES;
				CLANG_WARN_INT_CONVERSION = YES;
				CLANG_WARN_NON_LITERAL_NULL_CONVERSION = YES;
				CLANG_WARN_OBJC_LITERAL_CONVERSION = YES;
				CLANG_WARN_OBJC_ROOT_CLASS = YES_ERROR;
				CLANG_WARN_RANGE_LOOP_ANALYSIS = YES;
				CLANG_WARN_STRICT_PROTOTYPES = YES;
				CLANG_WARN_SUSPICIOUS_MOVE = YES;
				CLANG_WARN_UNGUARDED_AVAILABILITY = YES_AGGRESSIVE;
				CLANG_WARN_UNREACHABLE_CODE = YES;
				CLANG_WARN__DUPLICATE_METHOD_MATCH = YES;
				CODE_SIGN_IDENTITY = "iPhone Developer";
				COPY_PHASE_STRIP = NO;
				DEBUG_INFORMATION_FORMAT = dwarf;
				ENABLE_STRICT_OBJC_MSGSEND = YES;
				ENABLE_TESTABILITY = YES;
				GCC_C_LANGUAGE_STANDARD = gnu11;
				GCC_DYNAMIC_NO_PIC = NO;
				GCC_NO_COMMON_BLOCKS = YES;
				GCC_OPTIMIZATION_LEVEL = 0;
				GCC_PREPROCESSOR_DEFINITIONS = (
					"DEBUG=1",
					"$(inherited)",
				);
				GCC_WARN_64_TO_32_BIT_CONVERSION = YES;
				GCC_WARN_ABOUT_RETURN_TYPE = YES_ERROR;
				GCC_WARN_UNDECLARED_SELECTOR = YES;
				GCC_WARN_UNINITIALIZED_AUTOS = YES_AGGRESSIVE;
				GCC_WARN_UNUSED_FUNCTION = YES;
				GCC_WARN_UNUSED_VARIABLE = YES;
				IPHONEOS_DEPLOYMENT_TARGET = 11.0;
				MTL_ENABLE_DEBUG_INFO = YES;
				ONLY_ACTIVE_ARCH = YES;
				SDKROOT = iphoneos;
				SWIFT_ACTIVE_COMPILATION_CONDITIONS = DEBUG;
				SWIFT_OPTIMIZATION_LEVEL = "-Onone";
			};
			name = Debug;
		};
		562308161F4FEE6600EDEB58 /* Release */ = {
			isa = XCBuildConfiguration;
			buildSettings = {
				ALWAYS_SEARCH_USER_PATHS = NO;
				CLANG_ANALYZER_NONNULL = YES;
				CLANG_ANALYZER_NUMBER_OBJECT_CONVERSION = YES_AGGRESSIVE;
				CLANG_CXX_LANGUAGE_STANDARD = "gnu++14";
				CLANG_CXX_LIBRARY = "libc++";
				CLANG_ENABLE_MODULES = YES;
				CLANG_ENABLE_OBJC_ARC = YES;
				CLANG_WARN_BLOCK_CAPTURE_AUTORELEASING = YES;
				CLANG_WARN_BOOL_CONVERSION = YES;
				CLANG_WARN_COMMA = YES;
				CLANG_WARN_CONSTANT_CONVERSION = YES;
				CLANG_WARN_DIRECT_OBJC_ISA_USAGE = YES_ERROR;
				CLANG_WARN_DOCUMENTATION_COMMENTS = YES;
				CLANG_WARN_EMPTY_BODY = YES;
				CLANG_WARN_ENUM_CONVERSION = YES;
				CLANG_WARN_INFINITE_RECURSION = YES;
				CLANG_WARN_INT_CONVERSION = YES;
				CLANG_WARN_NON_LITERAL_NULL_CONVERSION = YES;
				CLANG_WARN_OBJC_LITERAL_CONVERSION = YES;
				CLANG_WARN_OBJC_ROOT_CLASS = YES_ERROR;
				CLANG_WARN_RANGE_LOOP_ANALYSIS = YES;
				CLANG_WARN_STRICT_PROTOTYPES = YES;
				CLANG_WARN_SUSPICIOUS_MOVE = YES;
				CLANG_WARN_UNGUARDED_AVAILABILITY = YES_AGGRESSIVE;
				CLANG_WARN_UNREACHABLE_CODE = YES;
				CLANG_WARN__DUPLICATE_METHOD_MATCH = YES;
				CODE_SIGN_IDENTITY = "iPhone Developer";
				COPY_PHASE_STRIP = NO;
				DEBUG_INFORMATION_FORMAT = "dwarf-with-dsym";
				ENABLE_NS_ASSERTIONS = NO;
				ENABLE_STRICT_OBJC_MSGSEND = YES;
				GCC_C_LANGUAGE_STANDARD = gnu11;
				GCC_NO_COMMON_BLOCKS = YES;
				GCC_WARN_64_TO_32_BIT_CONVERSION = YES;
				GCC_WARN_ABOUT_RETURN_TYPE = YES_ERROR;
				GCC_WARN_UNDECLARED_SELECTOR = YES;
				GCC_WARN_UNINITIALIZED_AUTOS = YES_AGGRESSIVE;
				GCC_WARN_UNUSED_FUNCTION = YES;
				GCC_WARN_UNUSED_VARIABLE = YES;
				IPHONEOS_DEPLOYMENT_TARGET = 11.0;
				MTL_ENABLE_DEBUG_INFO = NO;
				SDKROOT = iphoneos;
				SWIFT_OPTIMIZATION_LEVEL = "-Owholemodule";
				VALIDATE_PRODUCT = YES;
			};
			name = Release;
		};
		562308181F4FEE6600EDEB58 /* Debug */ = {
			isa = XCBuildConfiguration;
			baseConfigurationReference = 0C03C5698901B4EA25832672 /* Pods-CafeNomad.debug.xcconfig */;
			buildSettings = {
				ASSETCATALOG_COMPILER_APPICON_NAME = AppIcon;
				CODE_SIGN_STYLE = Automatic;
				DEVELOPMENT_TEAM = G9JF9YBU33;
				INFOPLIST_FILE = CafeNomad/Info.plist;
				LD_RUNPATH_SEARCH_PATHS = "$(inherited) @executable_path/Frameworks";
				PRODUCT_BUNDLE_IDENTIFIER = WILD.CafeNomad;
				PRODUCT_NAME = "$(TARGET_NAME)";
				SWIFT_VERSION = 4.0;
				TARGETED_DEVICE_FAMILY = "1,2";
			};
			name = Debug;
		};
		562308191F4FEE6600EDEB58 /* Release */ = {
			isa = XCBuildConfiguration;
			baseConfigurationReference = EE8F054837B5B17F7A00B0A3 /* Pods-CafeNomad.release.xcconfig */;
			buildSettings = {
				ASSETCATALOG_COMPILER_APPICON_NAME = AppIcon;
				CODE_SIGN_STYLE = Automatic;
				DEVELOPMENT_TEAM = G9JF9YBU33;
				INFOPLIST_FILE = CafeNomad/Info.plist;
				LD_RUNPATH_SEARCH_PATHS = "$(inherited) @executable_path/Frameworks";
				PRODUCT_BUNDLE_IDENTIFIER = WILD.CafeNomad;
				PRODUCT_NAME = "$(TARGET_NAME)";
				SWIFT_VERSION = 4.0;
				TARGETED_DEVICE_FAMILY = "1,2";
			};
			name = Release;
		};
/* End XCBuildConfiguration section */

/* Begin XCConfigurationList section */
		562308001F4FEE6600EDEB58 /* Build configuration list for PBXProject "CafeNomad" */ = {
			isa = XCConfigurationList;
			buildConfigurations = (
				562308151F4FEE6600EDEB58 /* Debug */,
				562308161F4FEE6600EDEB58 /* Release */,
			);
			defaultConfigurationIsVisible = 0;
			defaultConfigurationName = Release;
		};
		562308171F4FEE6600EDEB58 /* Build configuration list for PBXNativeTarget "CafeNomad" */ = {
			isa = XCConfigurationList;
			buildConfigurations = (
				562308181F4FEE6600EDEB58 /* Debug */,
				562308191F4FEE6600EDEB58 /* Release */,
			);
			defaultConfigurationIsVisible = 0;
			defaultConfigurationName = Release;
		};
/* End XCConfigurationList section */
	};
	rootObject = 562307FD1F4FEE6600EDEB58 /* Project object */;
}
